
Microsoft Visual Studio Solution File, Format Version 12.00
# Visual Studio Version 17
VisualStudioVersion = 17.9.34607.119
MinimumVisualStudioVersion = 10.0.40219.1
Project("{FAE04EC0-301F-11D3-BF4B-00C04F79EFBC}") = "OMSProgram", "OMSProgram\OMSProgram.csproj", "{406B7FC9-1B74-4083-A2E3-3AFFCA510E40}"
EndProject
Global
	GlobalSection(SolutionConfigurationPlatforms) = preSolution
		Debug|Any CPU = Debug|Any CPU
		Release|Any CPU = Release|Any CPU
	EndGlobalSection
	GlobalSection(ProjectConfigurationPlatforms) = postSolution
		{406B7FC9-1B74-4083-A2E3-3AFFCA510E40}.Debug|Any CPU.ActiveCfg = Debug|Any CPU
		{406B7FC9-1B74-4083-A2E3-3AFFCA510E40}.Debug|Any CPU.Build.0 = Debug|Any CPU
		{406B7FC9-1B74-4083-A2E3-3AFFCA510E40}.Release|Any CPU.ActiveCfg = Release|Any CPU
		{406B7FC9-1B74-4083-A2E3-3AFFCA510E40}.Release|Any CPU.Build.0 = Release|Any CPU
	EndGlobalSection
	GlobalSection(SolutionProperties) = preSolution
		HideSolutionNode = FALSE
	EndGlobalSection
	GlobalSection(ExtensibilityGlobals) = postSolution
		SolutionGuid = {CF372068-1210-4869-A942-FB641C6193F3}
	EndGlobalSection
EndGlobal
